// !$*UTF8*$!
{
	archiveVersion = 1;
	classes = {
	};
	objectVersion = 50;
	objects = {

/* Begin PBXBuildFile section */
		135F577964DE2878AE679613 /* Pods_ImageMachineTests.framework in Frameworks */ = {isa = PBXBuildFile; fileRef = 87CB2C9D18F4E88243E7F5C7 /* Pods_ImageMachineTests.framework */; };
		5B4446572241F56C0086BBDF /* MachineModel.swift in Sources */ = {isa = PBXBuildFile; fileRef = 5B4446562241F56C0086BBDF /* MachineModel.swift */; };
		5B4446592241FC270086BBDF /* MachineDataViewController.swift in Sources */ = {isa = PBXBuildFile; fileRef = 5B4446582241FC270086BBDF /* MachineDataViewController.swift */; };
		5B60FA26223FF1050009093D /* HomeViewController.swift in Sources */ = {isa = PBXBuildFile; fileRef = 5B60FA25223FF1050009093D /* HomeViewController.swift */; };
		5BDA36B6222FEBFA00657B06 /* AppDelegate.swift in Sources */ = {isa = PBXBuildFile; fileRef = 5BDA36B5222FEBFA00657B06 /* AppDelegate.swift */; };
		5BDA36B8222FEBFA00657B06 /* ViewController.swift in Sources */ = {isa = PBXBuildFile; fileRef = 5BDA36B7222FEBFA00657B06 /* ViewController.swift */; };
		5BDA36BB222FEBFA00657B06 /* Main.storyboard in Resources */ = {isa = PBXBuildFile; fileRef = 5BDA36B9222FEBFA00657B06 /* Main.storyboard */; };
		5BDA36BE222FEBFB00657B06 /* ImageMachine.xcdatamodeld in Sources */ = {isa = PBXBuildFile; fileRef = 5BDA36BC222FEBFB00657B06 /* ImageMachine.xcdatamodeld */; };
		5BDA36C0222FEC1700657B06 /* Assets.xcassets in Resources */ = {isa = PBXBuildFile; fileRef = 5BDA36BF222FEC1700657B06 /* Assets.xcassets */; };
		5BDA36C3222FEC1700657B06 /* LaunchScreen.storyboard in Resources */ = {isa = PBXBuildFile; fileRef = 5BDA36C1222FEC1700657B06 /* LaunchScreen.storyboard */; };
		5BDA36CE222FEC1700657B06 /* ImageMachineTests.swift in Sources */ = {isa = PBXBuildFile; fileRef = 5BDA36CD222FEC1700657B06 /* ImageMachineTests.swift */; };
		5BDA36D9222FEC1800657B06 /* ImageMachineUITests.swift in Sources */ = {isa = PBXBuildFile; fileRef = 5BDA36D8222FEC1800657B06 /* ImageMachineUITests.swift */; };
		6CB0F0F1DFB0BE8BE1CB7B1D /* Pods_ImageMachineUITests.framework in Frameworks */ = {isa = PBXBuildFile; fileRef = 2DAC3A3843C17125F93D1339 /* Pods_ImageMachineUITests.framework */; };
		8DE31E7FC58A99A09A8EDE50 /* Pods_ImageMachine.framework in Frameworks */ = {isa = PBXBuildFile; fileRef = 6A0BE6F8A5C34ED76F376948 /* Pods_ImageMachine.framework */; };
/* End PBXBuildFile section */

/* Begin PBXContainerItemProxy section */
		5BDA36CA222FEC1700657B06 /* PBXContainerItemProxy */ = {
			isa = PBXContainerItemProxy;
			containerPortal = 5BDA36AA222FEBFA00657B06 /* Project object */;
			proxyType = 1;
			remoteGlobalIDString = 5BDA36B1222FEBFA00657B06;
			remoteInfo = ImageMachine;
		};
		5BDA36D5222FEC1700657B06 /* PBXContainerItemProxy */ = {
			isa = PBXContainerItemProxy;
			containerPortal = 5BDA36AA222FEBFA00657B06 /* Project object */;
			proxyType = 1;
			remoteGlobalIDString = 5BDA36B1222FEBFA00657B06;
			remoteInfo = ImageMachine;
		};
/* End PBXContainerItemProxy section */

/* Begin PBXFileReference section */
		0DE21A00122D0BEA0AA0395F /* Pods-ImageMachineUITests.release.xcconfig */ = {isa = PBXFileReference; includeInIndex = 1; lastKnownFileType = text.xcconfig; name = "Pods-ImageMachineUITests.release.xcconfig"; path = "Target Support Files/Pods-ImageMachineUITests/Pods-ImageMachineUITests.release.xcconfig"; sourceTree = "<group>"; };
		2DAC3A3843C17125F93D1339 /* Pods_ImageMachineUITests.framework */ = {isa = PBXFileReference; explicitFileType = wrapper.framework; includeInIndex = 0; path = Pods_ImageMachineUITests.framework; sourceTree = BUILT_PRODUCTS_DIR; };
		5B4446562241F56C0086BBDF /* MachineModel.swift */ = {isa = PBXFileReference; lastKnownFileType = sourcecode.swift; path = MachineModel.swift; sourceTree = "<group>"; };
		5B4446582241FC270086BBDF /* MachineDataViewController.swift */ = {isa = PBXFileReference; lastKnownFileType = sourcecode.swift; path = MachineDataViewController.swift; sourceTree = "<group>"; };
		5B60FA25223FF1050009093D /* HomeViewController.swift */ = {isa = PBXFileReference; lastKnownFileType = sourcecode.swift; path = HomeViewController.swift; sourceTree = "<group>"; };
		5BDA36B2222FEBFA00657B06 /* ImageMachine.app */ = {isa = PBXFileReference; explicitFileType = wrapper.application; includeInIndex = 0; path = ImageMachine.app; sourceTree = BUILT_PRODUCTS_DIR; };
		5BDA36B5222FEBFA00657B06 /* AppDelegate.swift */ = {isa = PBXFileReference; lastKnownFileType = sourcecode.swift; path = AppDelegate.swift; sourceTree = "<group>"; };
		5BDA36B7222FEBFA00657B06 /* ViewController.swift */ = {isa = PBXFileReference; lastKnownFileType = sourcecode.swift; path = ViewController.swift; sourceTree = "<group>"; };
		5BDA36BA222FEBFA00657B06 /* Base */ = {isa = PBXFileReference; lastKnownFileType = file.storyboard; name = Base; path = Base.lproj/Main.storyboard; sourceTree = "<group>"; };
		5BDA36BD222FEBFB00657B06 /* ImageMachine.xcdatamodel */ = {isa = PBXFileReference; lastKnownFileType = wrapper.xcdatamodel; path = ImageMachine.xcdatamodel; sourceTree = "<group>"; };
		5BDA36BF222FEC1700657B06 /* Assets.xcassets */ = {isa = PBXFileReference; lastKnownFileType = folder.assetcatalog; path = Assets.xcassets; sourceTree = "<group>"; };
		5BDA36C2222FEC1700657B06 /* Base */ = {isa = PBXFileReference; lastKnownFileType = file.storyboard; name = Base; path = Base.lproj/LaunchScreen.storyboard; sourceTree = "<group>"; };
		5BDA36C4222FEC1700657B06 /* Info.plist */ = {isa = PBXFileReference; lastKnownFileType = text.plist.xml; path = Info.plist; sourceTree = "<group>"; };
		5BDA36C9222FEC1700657B06 /* ImageMachineTests.xctest */ = {isa = PBXFileReference; explicitFileType = wrapper.cfbundle; includeInIndex = 0; path = ImageMachineTests.xctest; sourceTree = BUILT_PRODUCTS_DIR; };
		5BDA36CD222FEC1700657B06 /* ImageMachineTests.swift */ = {isa = PBXFileReference; lastKnownFileType = sourcecode.swift; path = ImageMachineTests.swift; sourceTree = "<group>"; };
		5BDA36CF222FEC1700657B06 /* Info.plist */ = {isa = PBXFileReference; lastKnownFileType = text.plist.xml; path = Info.plist; sourceTree = "<group>"; };
		5BDA36D4222FEC1700657B06 /* ImageMachineUITests.xctest */ = {isa = PBXFileReference; explicitFileType = wrapper.cfbundle; includeInIndex = 0; path = ImageMachineUITests.xctest; sourceTree = BUILT_PRODUCTS_DIR; };
		5BDA36D8222FEC1800657B06 /* ImageMachineUITests.swift */ = {isa = PBXFileReference; lastKnownFileType = sourcecode.swift; path = ImageMachineUITests.swift; sourceTree = "<group>"; };
		5BDA36DA222FEC1800657B06 /* Info.plist */ = {isa = PBXFileReference; lastKnownFileType = text.plist.xml; path = Info.plist; sourceTree = "<group>"; };
		605723C33C0064EB6C921FEA /* Pods-ImageMachine.release.xcconfig */ = {isa = PBXFileReference; includeInIndex = 1; lastKnownFileType = text.xcconfig; name = "Pods-ImageMachine.release.xcconfig"; path = "Target Support Files/Pods-ImageMachine/Pods-ImageMachine.release.xcconfig"; sourceTree = "<group>"; };
		63F71A875DE54AB7C545D4A4 /* Pods-ImageMachineTests.release.xcconfig */ = {isa = PBXFileReference; includeInIndex = 1; lastKnownFileType = text.xcconfig; name = "Pods-ImageMachineTests.release.xcconfig"; path = "Target Support Files/Pods-ImageMachineTests/Pods-ImageMachineTests.release.xcconfig"; sourceTree = "<group>"; };
		6A0BE6F8A5C34ED76F376948 /* Pods_ImageMachine.framework */ = {isa = PBXFileReference; explicitFileType = wrapper.framework; includeInIndex = 0; path = Pods_ImageMachine.framework; sourceTree = BUILT_PRODUCTS_DIR; };
		87CB2C9D18F4E88243E7F5C7 /* Pods_ImageMachineTests.framework */ = {isa = PBXFileReference; explicitFileType = wrapper.framework; includeInIndex = 0; path = Pods_ImageMachineTests.framework; sourceTree = BUILT_PRODUCTS_DIR; };
		AB1A55884C2DCD42D140651D /* Pods-ImageMachineTests.debug.xcconfig */ = {isa = PBXFileReference; includeInIndex = 1; lastKnownFileType = text.xcconfig; name = "Pods-ImageMachineTests.debug.xcconfig"; path = "Target Support Files/Pods-ImageMachineTests/Pods-ImageMachineTests.debug.xcconfig"; sourceTree = "<group>"; };
		B429A4E347571F2200663D33 /* Pods-ImageMachineUITests.debug.xcconfig */ = {isa = PBXFileReference; includeInIndex = 1; lastKnownFileType = text.xcconfig; name = "Pods-ImageMachineUITests.debug.xcconfig"; path = "Target Support Files/Pods-ImageMachineUITests/Pods-ImageMachineUITests.debug.xcconfig"; sourceTree = "<group>"; };
		C5E186819F3143D6F360A7BF /* Pods-ImageMachine.debug.xcconfig */ = {isa = PBXFileReference; includeInIndex = 1; lastKnownFileType = text.xcconfig; name = "Pods-ImageMachine.debug.xcconfig"; path = "Target Support Files/Pods-ImageMachine/Pods-ImageMachine.debug.xcconfig"; sourceTree = "<group>"; };
/* End PBXFileReference section */

/* Begin PBXFrameworksBuildPhase section */
		5BDA36AF222FEBFA00657B06 /* Frameworks */ = {
			isa = PBXFrameworksBuildPhase;
			buildActionMask = 2147483647;
			files = (
				8DE31E7FC58A99A09A8EDE50 /* Pods_ImageMachine.framework in Frameworks */,
			);
			runOnlyForDeploymentPostprocessing = 0;
		};
		5BDA36C6222FEC1700657B06 /* Frameworks */ = {
			isa = PBXFrameworksBuildPhase;
			buildActionMask = 2147483647;
			files = (
				135F577964DE2878AE679613 /* Pods_ImageMachineTests.framework in Frameworks */,
			);
			runOnlyForDeploymentPostprocessing = 0;
		};
		5BDA36D1222FEC1700657B06 /* Frameworks */ = {
			isa = PBXFrameworksBuildPhase;
			buildActionMask = 2147483647;
			files = (
				6CB0F0F1DFB0BE8BE1CB7B1D /* Pods_ImageMachineUITests.framework in Frameworks */,
			);
			runOnlyForDeploymentPostprocessing = 0;
		};
/* End PBXFrameworksBuildPhase section */

/* Begin PBXGroup section */
		115C12E34B4B58B509C3A61A /* Pods */ = {
			isa = PBXGroup;
			children = (
				C5E186819F3143D6F360A7BF /* Pods-ImageMachine.debug.xcconfig */,
				605723C33C0064EB6C921FEA /* Pods-ImageMachine.release.xcconfig */,
				AB1A55884C2DCD42D140651D /* Pods-ImageMachineTests.debug.xcconfig */,
				63F71A875DE54AB7C545D4A4 /* Pods-ImageMachineTests.release.xcconfig */,
				B429A4E347571F2200663D33 /* Pods-ImageMachineUITests.debug.xcconfig */,
				0DE21A00122D0BEA0AA0395F /* Pods-ImageMachineUITests.release.xcconfig */,
			);
			path = Pods;
			sourceTree = "<group>";
		};
		5B60FA21223FF0540009093D /* Controller */ = {
			isa = PBXGroup;
			children = (
				5B60FA25223FF1050009093D /* HomeViewController.swift */,
				5B4446582241FC270086BBDF /* MachineDataViewController.swift */,
			);
			name = Controller;
			path = ImageMachine/Controller;
			sourceTree = "<group>";
		};
		5B60FA22223FF0540009093D /* View */ = {
			isa = PBXGroup;
			children = (
			);
			name = View;
			path = ImageMachine/View;
			sourceTree = "<group>";
		};
		5B60FA23223FF0540009093D /* Model */ = {
			isa = PBXGroup;
			children = (
				5B4446562241F56C0086BBDF /* MachineModel.swift */,
			);
			name = Model;
			path = ImageMachine/Model;
			sourceTree = "<group>";
		};
		5B60FA24223FF0540009093D /* Storage */ = {
			isa = PBXGroup;
			children = (
			);
			name = Storage;
			path = ImageMachine/Storage;
			sourceTree = "<group>";
		};
		5BDA36A9222FEBFA00657B06 = {
			isa = PBXGroup;
			children = (
				5B60FA21223FF0540009093D /* Controller */,
				5B60FA23223FF0540009093D /* Model */,
				5B60FA24223FF0540009093D /* Storage */,
				5B60FA22223FF0540009093D /* View */,
				5BDA36B4222FEBFA00657B06 /* ImageMachine */,
				5BDA36CC222FEC1700657B06 /* ImageMachineTests */,
				5BDA36D7222FEC1700657B06 /* ImageMachineUITests */,
				5BDA36B3222FEBFA00657B06 /* Products */,
				115C12E34B4B58B509C3A61A /* Pods */,
				EACD8FB545BC6B1748955570 /* Frameworks */,
			);
			sourceTree = "<group>";
		};
		5BDA36B3222FEBFA00657B06 /* Products */ = {
			isa = PBXGroup;
			children = (
				5BDA36B2222FEBFA00657B06 /* ImageMachine.app */,
				5BDA36C9222FEC1700657B06 /* ImageMachineTests.xctest */,
				5BDA36D4222FEC1700657B06 /* ImageMachineUITests.xctest */,
			);
			name = Products;
			sourceTree = "<group>";
		};
		5BDA36B4222FEBFA00657B06 /* ImageMachine */ = {
			isa = PBXGroup;
			children = (
				5BDA36B5222FEBFA00657B06 /* AppDelegate.swift */,
				5BDA36B7222FEBFA00657B06 /* ViewController.swift */,
				5BDA36B9222FEBFA00657B06 /* Main.storyboard */,
				5BDA36BF222FEC1700657B06 /* Assets.xcassets */,
				5BDA36C1222FEC1700657B06 /* LaunchScreen.storyboard */,
				5BDA36C4222FEC1700657B06 /* Info.plist */,
				5BDA36BC222FEBFB00657B06 /* ImageMachine.xcdatamodeld */,
			);
			path = ImageMachine;
			sourceTree = "<group>";
		};
		5BDA36CC222FEC1700657B06 /* ImageMachineTests */ = {
			isa = PBXGroup;
			children = (
				5BDA36CD222FEC1700657B06 /* ImageMachineTests.swift */,
				5BDA36CF222FEC1700657B06 /* Info.plist */,
			);
			path = ImageMachineTests;
			sourceTree = "<group>";
		};
		5BDA36D7222FEC1700657B06 /* ImageMachineUITests */ = {
			isa = PBXGroup;
			children = (
				5BDA36D8222FEC1800657B06 /* ImageMachineUITests.swift */,
				5BDA36DA222FEC1800657B06 /* Info.plist */,
			);
			path = ImageMachineUITests;
			sourceTree = "<group>";
		};
		EACD8FB545BC6B1748955570 /* Frameworks */ = {
			isa = PBXGroup;
			children = (
				6A0BE6F8A5C34ED76F376948 /* Pods_ImageMachine.framework */,
				87CB2C9D18F4E88243E7F5C7 /* Pods_ImageMachineTests.framework */,
				2DAC3A3843C17125F93D1339 /* Pods_ImageMachineUITests.framework */,
			);
			name = Frameworks;
			sourceTree = "<group>";
		};
/* End PBXGroup section */

/* Begin PBXNativeTarget section */
		5BDA36B1222FEBFA00657B06 /* ImageMachine */ = {
			isa = PBXNativeTarget;
			buildConfigurationList = 5BDA36DD222FEC1800657B06 /* Build configuration list for PBXNativeTarget "ImageMachine" */;
			buildPhases = (
				F6466234342AD6A0C60E1433 /* [CP] Check Pods Manifest.lock */,
				5BDA36AE222FEBFA00657B06 /* Sources */,
				5BDA36AF222FEBFA00657B06 /* Frameworks */,
				5BDA36B0222FEBFA00657B06 /* Resources */,
				B506F5DD2CC09AA98C1338FE /* [CP] Embed Pods Frameworks */,
			);
			buildRules = (
			);
			dependencies = (
			);
			name = ImageMachine;
			productName = ImageMachine;
			productReference = 5BDA36B2222FEBFA00657B06 /* ImageMachine.app */;
			productType = "com.apple.product-type.application";
		};
		5BDA36C8222FEC1700657B06 /* ImageMachineTests */ = {
			isa = PBXNativeTarget;
			buildConfigurationList = 5BDA36E0222FEC1800657B06 /* Build configuration list for PBXNativeTarget "ImageMachineTests" */;
			buildPhases = (
				00E5AF11C441C04594316061 /* [CP] Check Pods Manifest.lock */,
				5BDA36C5222FEC1700657B06 /* Sources */,
				5BDA36C6222FEC1700657B06 /* Frameworks */,
				5BDA36C7222FEC1700657B06 /* Resources */,
			);
			buildRules = (
			);
			dependencies = (
				5BDA36CB222FEC1700657B06 /* PBXTargetDependency */,
			);
			name = ImageMachineTests;
			productName = ImageMachineTests;
			productReference = 5BDA36C9222FEC1700657B06 /* ImageMachineTests.xctest */;
			productType = "com.apple.product-type.bundle.unit-test";
		};
		5BDA36D3222FEC1700657B06 /* ImageMachineUITests */ = {
			isa = PBXNativeTarget;
			buildConfigurationList = 5BDA36E3222FEC1800657B06 /* Build configuration list for PBXNativeTarget "ImageMachineUITests" */;
			buildPhases = (
				95D86A7F77DF8F66D4F86F07 /* [CP] Check Pods Manifest.lock */,
				5BDA36D0222FEC1700657B06 /* Sources */,
				5BDA36D1222FEC1700657B06 /* Frameworks */,
				5BDA36D2222FEC1700657B06 /* Resources */,
			);
			buildRules = (
			);
			dependencies = (
				5BDA36D6222FEC1700657B06 /* PBXTargetDependency */,
			);
			name = ImageMachineUITests;
			productName = ImageMachineUITests;
			productReference = 5BDA36D4222FEC1700657B06 /* ImageMachineUITests.xctest */;
			productType = "com.apple.product-type.bundle.ui-testing";
		};
/* End PBXNativeTarget section */

/* Begin PBXProject section */
		5BDA36AA222FEBFA00657B06 /* Project object */ = {
			isa = PBXProject;
			attributes = {
				LastSwiftUpdateCheck = 1010;
				LastUpgradeCheck = 1010;
				ORGANIZATIONNAME = "Martin Sitorus";
				TargetAttributes = {
					5BDA36B1222FEBFA00657B06 = {
						CreatedOnToolsVersion = 10.1;
					};
					5BDA36C8222FEC1700657B06 = {
						CreatedOnToolsVersion = 10.1;
						TestTargetID = 5BDA36B1222FEBFA00657B06;
					};
					5BDA36D3222FEC1700657B06 = {
						CreatedOnToolsVersion = 10.1;
						TestTargetID = 5BDA36B1222FEBFA00657B06;
					};
				};
			};
			buildConfigurationList = 5BDA36AD222FEBFA00657B06 /* Build configuration list for PBXProject "ImageMachine" */;
			compatibilityVersion = "Xcode 9.3";
			developmentRegion = en;
			hasScannedForEncodings = 0;
			knownRegions = (
				en,
				Base,
			);
			mainGroup = 5BDA36A9222FEBFA00657B06;
			productRefGroup = 5BDA36B3222FEBFA00657B06 /* Products */;
			projectDirPath = "";
			projectRoot = "";
			targets = (
				5BDA36B1222FEBFA00657B06 /* ImageMachine */,
				5BDA36C8222FEC1700657B06 /* ImageMachineTests */,
				5BDA36D3222FEC1700657B06 /* ImageMachineUITests */,
			);
		};
/* End PBXProject section */

/* Begin PBXResourcesBuildPhase section */
		5BDA36B0222FEBFA00657B06 /* Resources */ = {
			isa = PBXResourcesBuildPhase;
			buildActionMask = 2147483647;
			files = (
				5BDA36C3222FEC1700657B06 /* LaunchScreen.storyboard in Resources */,
				5BDA36C0222FEC1700657B06 /* Assets.xcassets in Resources */,
				5BDA36BB222FEBFA00657B06 /* Main.storyboard in Resources */,
			);
			runOnlyForDeploymentPostprocessing = 0;
		};
		5BDA36C7222FEC1700657B06 /* Resources */ = {
			isa = PBXResourcesBuildPhase;
			buildActionMask = 2147483647;
			files = (
			);
			runOnlyForDeploymentPostprocessing = 0;
		};
		5BDA36D2222FEC1700657B06 /* Resources */ = {
			isa = PBXResourcesBuildPhase;
			buildActionMask = 2147483647;
			files = (
			);
			runOnlyForDeploymentPostprocessing = 0;
		};
/* End PBXResourcesBuildPhase section */

/* Begin PBXShellScriptBuildPhase section */
		00E5AF11C441C04594316061 /* [CP] Check Pods Manifest.lock */ = {
			isa = PBXShellScriptBuildPhase;
			buildActionMask = 2147483647;
			files = (
			);
			inputFileListPaths = (
			);
			inputPaths = (
				"${PODS_PODFILE_DIR_PATH}/Podfile.lock",
				"${PODS_ROOT}/Manifest.lock",
			);
			name = "[CP] Check Pods Manifest.lock";
			outputFileListPaths = (
			);
			outputPaths = (
				"$(DERIVED_FILE_DIR)/Pods-ImageMachineTests-checkManifestLockResult.txt",
			);
			runOnlyForDeploymentPostprocessing = 0;
			shellPath = /bin/sh;
			shellScript = "diff \"${PODS_PODFILE_DIR_PATH}/Podfile.lock\" \"${PODS_ROOT}/Manifest.lock\" > /dev/null\nif [ $? != 0 ] ; then\n    # print error to STDERR\n    echo \"error: The sandbox is not in sync with the Podfile.lock. Run 'pod install' or update your CocoaPods installation.\" >&2\n    exit 1\nfi\n# This output is used by Xcode 'outputs' to avoid re-running this script phase.\necho \"SUCCESS\" > \"${SCRIPT_OUTPUT_FILE_0}\"\n";
			showEnvVarsInLog = 0;
		};
		95D86A7F77DF8F66D4F86F07 /* [CP] Check Pods Manifest.lock */ = {
			isa = PBXShellScriptBuildPhase;
			buildActionMask = 2147483647;
			files = (
			);
			inputFileListPaths = (
			);
			inputPaths = (
				"${PODS_PODFILE_DIR_PATH}/Podfile.lock",
				"${PODS_ROOT}/Manifest.lock",
			);
			name = "[CP] Check Pods Manifest.lock";
			outputFileListPaths = (
			);
			outputPaths = (
				"$(DERIVED_FILE_DIR)/Pods-ImageMachineUITests-checkManifestLockResult.txt",
			);
			runOnlyForDeploymentPostprocessing = 0;
			shellPath = /bin/sh;
			shellScript = "diff \"${PODS_PODFILE_DIR_PATH}/Podfile.lock\" \"${PODS_ROOT}/Manifest.lock\" > /dev/null\nif [ $? != 0 ] ; then\n    # print error to STDERR\n    echo \"error: The sandbox is not in sync with the Podfile.lock. Run 'pod install' or update your CocoaPods installation.\" >&2\n    exit 1\nfi\n# This output is used by Xcode 'outputs' to avoid re-running this script phase.\necho \"SUCCESS\" > \"${SCRIPT_OUTPUT_FILE_0}\"\n";
			showEnvVarsInLog = 0;
		};
		B506F5DD2CC09AA98C1338FE /* [CP] Embed Pods Frameworks */ = {
			isa = PBXShellScriptBuildPhase;
			buildActionMask = 2147483647;
			files = (
			);
			inputFileListPaths = (
			);
			inputPaths = (
				"${PODS_ROOT}/Target Support Files/Pods-ImageMachine/Pods-ImageMachine-frameworks.sh",
				"${BUILT_PRODUCTS_DIR}/QRCodeReader.swift/QRCodeReader.framework",
			);
			name = "[CP] Embed Pods Frameworks";
			outputFileListPaths = (
			);
			outputPaths = (
				"${TARGET_BUILD_DIR}/${FRAMEWORKS_FOLDER_PATH}/QRCodeReader.framework",
			);
			runOnlyForDeploymentPostprocessing = 0;
			shellPath = /bin/sh;
			shellScript = "\"${PODS_ROOT}/Target Support Files/Pods-ImageMachine/Pods-ImageMachine-frameworks.sh\"\n";
			showEnvVarsInLog = 0;
		};
		F6466234342AD6A0C60E1433 /* [CP] Check Pods Manifest.lock */ = {
			isa = PBXShellScriptBuildPhase;
			buildActionMask = 2147483647;
			files = (
			);
			inputFileListPaths = (
			);
			inputPaths = (
				"${PODS_PODFILE_DIR_PATH}/Podfile.lock",
				"${PODS_ROOT}/Manifest.lock",
			);
			name = "[CP] Check Pods Manifest.lock";
			outputFileListPaths = (
			);
			outputPaths = (
				"$(DERIVED_FILE_DIR)/Pods-ImageMachine-checkManifestLockResult.txt",
			);
			runOnlyForDeploymentPostprocessing = 0;
			shellPath = /bin/sh;
			shellScript = "diff \"${PODS_PODFILE_DIR_PATH}/Podfile.lock\" \"${PODS_ROOT}/Manifest.lock\" > /dev/null\nif [ $? != 0 ] ; then\n    # print error to STDERR\n    echo \"error: The sandbox is not in sync with the Podfile.lock. Run 'pod install' or update your CocoaPods installation.\" >&2\n    exit 1\nfi\n# This output is used by Xcode 'outputs' to avoid re-running this script phase.\necho \"SUCCESS\" > \"${SCRIPT_OUTPUT_FILE_0}\"\n";
			showEnvVarsInLog = 0;
		};
/* End PBXShellScriptBuildPhase section */

/* Begin PBXSourcesBuildPhase section */
		5BDA36AE222FEBFA00657B06 /* Sources */ = {
			isa = PBXSourcesBuildPhase;
			buildActionMask = 2147483647;
			files = (
				5B4446592241FC270086BBDF /* MachineDataViewController.swift in Sources */,
				5BDA36BE222FEBFB00657B06 /* ImageMachine.xcdatamodeld in Sources */,
				5BDA36B8222FEBFA00657B06 /* ViewController.swift in Sources */,
				5BDA36B6222FEBFA00657B06 /* AppDelegate.swift in Sources */,
				5B60FA26223FF1050009093D /* HomeViewController.swift in Sources */,
				5B4446572241F56C0086BBDF /* MachineModel.swift in Sources */,
			);
			runOnlyForDeploymentPostprocessing = 0;
		};
		5BDA36C5222FEC1700657B06 /* Sources */ = {
			isa = PBXSourcesBuildPhase;
			buildActionMask = 2147483647;
			files = (
				5BDA36CE222FEC1700657B06 /* ImageMachineTests.swift in Sources */,
			);
			runOnlyForDeploymentPostprocessing = 0;
		};
		5BDA36D0222FEC1700657B06 /* Sources */ = {
			isa = PBXSourcesBuildPhase;
			buildActionMask = 2147483647;
			files = (
				5BDA36D9222FEC1800657B06 /* ImageMachineUITests.swift in Sources */,
			);
			runOnlyForDeploymentPostprocessing = 0;
		};
/* End PBXSourcesBuildPhase section */

/* Begin PBXTargetDependency section */
		5BDA36CB222FEC1700657B06 /* PBXTargetDependency */ = {
			isa = PBXTargetDependency;
			target = 5BDA36B1222FEBFA00657B06 /* ImageMachine */;
			targetProxy = 5BDA36CA222FEC1700657B06 /* PBXContainerItemProxy */;
		};
		5BDA36D6222FEC1700657B06 /* PBXTargetDependency */ = {
			isa = PBXTargetDependency;
			target = 5BDA36B1222FEBFA00657B06 /* ImageMachine */;
			targetProxy = 5BDA36D5222FEC1700657B06 /* PBXContainerItemProxy */;
		};
/* End PBXTargetDependency section */

/* Begin PBXVariantGroup section */
		5BDA36B9222FEBFA00657B06 /* Main.storyboard */ = {
			isa = PBXVariantGroup;
			children = (
				5BDA36BA222FEBFA00657B06 /* Base */,
			);
			name = Main.storyboard;
			sourceTree = "<group>";
		};
		5BDA36C1222FEC1700657B06 /* LaunchScreen.storyboard */ = {
			isa = PBXVariantGroup;
			children = (
				5BDA36C2222FEC1700657B06 /* Base */,
			);
			name = LaunchScreen.storyboard;
			sourceTree = "<group>";
		};
/* End PBXVariantGroup section */

/* Begin XCBuildConfiguration section */
		5BDA36DB222FEC1800657B06 /* Debug */ = {
			isa = XCBuildConfiguration;
			buildSettings = {
				ALWAYS_SEARCH_USER_PATHS = NO;
				CLANG_ANALYZER_NONNULL = YES;
				CLANG_ANALYZER_NUMBER_OBJECT_CONVERSION = YES_AGGRESSIVE;
				CLANG_CXX_LANGUAGE_STANDARD = "gnu++14";
				CLANG_CXX_LIBRARY = "libc++";
				CLANG_ENABLE_MODULES = YES;
				CLANG_ENABLE_OBJC_ARC = YES;
				CLANG_ENABLE_OBJC_WEAK = YES;
				CLANG_WARN_BLOCK_CAPTURE_AUTORELEASING = YES;
				CLANG_WARN_BOOL_CONVERSION = YES;
				CLANG_WARN_COMMA = YES;
				CLANG_WARN_CONSTANT_CONVERSION = YES;
				CLANG_WARN_DEPRECATED_OBJC_IMPLEMENTATIONS = YES;
				CLANG_WARN_DIRECT_OBJC_ISA_USAGE = YES_ERROR;
				CLANG_WARN_DOCUMENTATION_COMMENTS = YES;
				CLANG_WARN_EMPTY_BODY = YES;
				CLANG_WARN_ENUM_CONVERSION = YES;
				CLANG_WARN_INFINITE_RECURSION = YES;
				CLANG_WARN_INT_CONVERSION = YES;
				CLANG_WARN_NON_LITERAL_NULL_CONVERSION = YES;
				CLANG_WARN_OBJC_IMPLICIT_RETAIN_SELF = YES;
				CLANG_WARN_OBJC_LITERAL_CONVERSION = YES;
				CLANG_WARN_OBJC_ROOT_CLASS = YES_ERROR;
				CLANG_WARN_RANGE_LOOP_ANALYSIS = YES;
				CLANG_WARN_STRICT_PROTOTYPES = YES;
				CLANG_WARN_SUSPICIOUS_MOVE = YES;
				CLANG_WARN_UNGUARDED_AVAILABILITY = YES_AGGRESSIVE;
				CLANG_WARN_UNREACHABLE_CODE = YES;
				CLANG_WARN__DUPLICATE_METHOD_MATCH = YES;
				CODE_SIGN_IDENTITY = "iPhone Developer";
				COPY_PHASE_STRIP = NO;
				DEBUG_INFORMATION_FORMAT = dwarf;
				ENABLE_STRICT_OBJC_MSGSEND = YES;
				ENABLE_TESTABILITY = YES;
				GCC_C_LANGUAGE_STANDARD = gnu11;
				GCC_DYNAMIC_NO_PIC = NO;
				GCC_NO_COMMON_BLOCKS = YES;
				GCC_OPTIMIZATION_LEVEL = 0;
				GCC_PREPROCESSOR_DEFINITIONS = (
					"DEBUG=1",
					"$(inherited)",
				);
				GCC_WARN_64_TO_32_BIT_CONVERSION = YES;
				GCC_WARN_ABOUT_RETURN_TYPE = YES_ERROR;
				GCC_WARN_UNDECLARED_SELECTOR = YES;
				GCC_WARN_UNINITIALIZED_AUTOS = YES_AGGRESSIVE;
				GCC_WARN_UNUSED_FUNCTION = YES;
				GCC_WARN_UNUSED_VARIABLE = YES;
				IPHONEOS_DEPLOYMENT_TARGET = 12.1;
				MTL_ENABLE_DEBUG_INFO = INCLUDE_SOURCE;
				MTL_FAST_MATH = YES;
				ONLY_ACTIVE_ARCH = YES;
				SDKROOT = iphoneos;
				SWIFT_ACTIVE_COMPILATION_CONDITIONS = DEBUG;
				SWIFT_OPTIMIZATION_LEVEL = "-Onone";
			};
			name = Debug;
		};
		5BDA36DC222FEC1800657B06 /* Release */ = {
			isa = XCBuildConfiguration;
			buildSettings = {
				ALWAYS_SEARCH_USER_PATHS = NO;
				CLANG_ANALYZER_NONNULL = YES;
				CLANG_ANALYZER_NUMBER_OBJECT_CONVERSION = YES_AGGRESSIVE;
				CLANG_CXX_LANGUAGE_STANDARD = "gnu++14";
				CLANG_CXX_LIBRARY = "libc++";
				CLANG_ENABLE_MODULES = YES;
				CLANG_ENABLE_OBJC_ARC = YES;
				CLANG_ENABLE_OBJC_WEAK = YES;
				CLANG_WARN_BLOCK_CAPTURE_AUTORELEASING = YES;
				CLANG_WARN_BOOL_CONVERSION = YES;
				CLANG_WARN_COMMA = YES;
				CLANG_WARN_CONSTANT_CONVERSION = YES;
				CLANG_WARN_DEPRECATED_OBJC_IMPLEMENTATIONS = YES;
				CLANG_WARN_DIRECT_OBJC_ISA_USAGE = YES_ERROR;
				CLANG_WARN_DOCUMENTATION_COMMENTS = YES;
				CLANG_WARN_EMPTY_BODY = YES;
				CLANG_WARN_ENUM_CONVERSION = YES;
				CLANG_WARN_INFINITE_RECURSION = YES;
				CLANG_WARN_INT_CONVERSION = YES;
				CLANG_WARN_NON_LITERAL_NULL_CONVERSION = YES;
				CLANG_WARN_OBJC_IMPLICIT_RETAIN_SELF = YES;
				CLANG_WARN_OBJC_LITERAL_CONVERSION = YES;
				CLANG_WARN_OBJC_ROOT_CLASS = YES_ERROR;
				CLANG_WARN_RANGE_LOOP_ANALYSIS = YES;
				CLANG_WARN_STRICT_PROTOTYPES = YES;
				CLANG_WARN_SUSPICIOUS_MOVE = YES;
				CLANG_WARN_UNGUARDED_AVAILABILITY = YES_AGGRESSIVE;
				CLANG_WARN_UNREACHABLE_CODE = YES;
				CLANG_WARN__DUPLICATE_METHOD_MATCH = YES;
				CODE_SIGN_IDENTITY = "iPhone Developer";
				COPY_PHASE_STRIP = NO;
				DEBUG_INFORMATION_FORMAT = "dwarf-with-dsym";
				ENABLE_NS_ASSERTIONS = NO;
				ENABLE_STRICT_OBJC_MSGSEND = YES;
				GCC_C_LANGUAGE_STANDARD = gnu11;
				GCC_NO_COMMON_BLOCKS = YES;
				GCC_WARN_64_TO_32_BIT_CONVERSION = YES;
				GCC_WARN_ABOUT_RETURN_TYPE = YES_ERROR;
				GCC_WARN_UNDECLARED_SELECTOR = YES;
				GCC_WARN_UNINITIALIZED_AUTOS = YES_AGGRESSIVE;
				GCC_WARN_UNUSED_FUNCTION = YES;
				GCC_WARN_UNUSED_VARIABLE = YES;
				IPHONEOS_DEPLOYMENT_TARGET = 12.1;
				MTL_ENABLE_DEBUG_INFO = NO;
				MTL_FAST_MATH = YES;
				SDKROOT = iphoneos;
				SWIFT_COMPILATION_MODE = wholemodule;
				SWIFT_OPTIMIZATION_LEVEL = "-O";
				VALIDATE_PRODUCT = YES;
			};
			name = Release;
		};
		5BDA36DE222FEC1800657B06 /* Debug */ = {
			isa = XCBuildConfiguration;
			baseConfigurationReference = C5E186819F3143D6F360A7BF /* Pods-ImageMachine.debug.xcconfig */;
			buildSettings = {
				ASSETCATALOG_COMPILER_APPICON_NAME = AppIcon;
				CODE_SIGN_IDENTITY = "iPhone Developer";
				CODE_SIGN_STYLE = Automatic;
				DEVELOPMENT_TEAM = 5GH349ZYP4;
				INFOPLIST_FILE = ImageMachine/Info.plist;
				LD_RUNPATH_SEARCH_PATHS = (
					"$(inherited)",
					"@executable_path/Frameworks",
				);
				PRODUCT_BUNDLE_IDENTIFIER = martinsitorus.ImageMachine;
				PRODUCT_NAME = "$(TARGET_NAME)";
				PROVISIONING_PROFILE_SPECIFIER = "";
				SWIFT_VERSION = 4.2;
				TARGETED_DEVICE_FAMILY = 1;
			};
			name = Debug;
		};
		5BDA36DF222FEC1800657B06 /* Release */ = {
			isa = XCBuildConfiguration;
			baseConfigurationReference = 605723C33C0064EB6C921FEA /* Pods-ImageMachine.release.xcconfig */;
			buildSettings = {
				ASSETCATALOG_COMPILER_APPICON_NAME = AppIcon;
				CODE_SIGN_IDENTITY = "iPhone Developer";
				CODE_SIGN_STYLE = Automatic;
				DEVELOPMENT_TEAM = 5GH349ZYP4;
				INFOPLIST_FILE = ImageMachine/Info.plist;
				LD_RUNPATH_SEARCH_PATHS = (
					"$(inherited)",
					"@executable_path/Frameworks",
				);
				PRODUCT_BUNDLE_IDENTIFIER = martinsitorus.ImageMachine;
				PRODUCT_NAME = "$(TARGET_NAME)";
				PROVISIONING_PROFILE_SPECIFIER = "";
				SWIFT_VERSION = 4.2;
				TARGETED_DEVICE_FAMILY = 1;
			};
			name = Release;
		};
		5BDA36E1222FEC1800657B06 /* Debug */ = {
			isa = XCBuildConfiguration;
			baseConfigurationReference = AB1A55884C2DCD42D140651D /* Pods-ImageMachineTests.debug.xcconfig */;
			buildSettings = {
				ALWAYS_EMBED_SWIFT_STANDARD_LIBRARIES = YES;
				BUNDLE_LOADER = "$(TEST_HOST)";
				CODE_SIGN_STYLE = Automatic;
				DEVELOPMENT_TEAM = 5GH349ZYP4;
				INFOPLIST_FILE = ImageMachineTests/Info.plist;
				LD_RUNPATH_SEARCH_PATHS = (
					"$(inherited)",
					"@executable_path/Frameworks",
					"@loader_path/Frameworks",
				);
				PRODUCT_BUNDLE_IDENTIFIER = martinsitorus.ImageMachineTests;
				PRODUCT_NAME = "$(TARGET_NAME)";
				SWIFT_VERSION = 4.2;
				TARGETED_DEVICE_FAMILY = "1,2";
				TEST_HOST = "$(BUILT_PRODUCTS_DIR)/ImageMachine.app/ImageMachine";
			};
			name = Debug;
		};
		5BDA36E2222FEC1800657B06 /* Release */ = {
			isa = XCBuildConfiguration;
			baseConfigurationReference = 63F71A875DE54AB7C545D4A4 /* Pods-ImageMachineTests.release.xcconfig */;
			buildSettings = {
				ALWAYS_EMBED_SWIFT_STANDARD_LIBRARIES = YES;
				BUNDLE_LOADER = "$(TEST_HOST)";
				CODE_SIGN_STYLE = Automatic;
				DEVELOPMENT_TEAM = 5GH349ZYP4;
				INFOPLIST_FILE = ImageMachineTests/Info.plist;
				LD_RUNPATH_SEARCH_PATHS = (
					"$(inherited)",
					"@executable_path/Frameworks",
					"@loader_path/Frameworks",
				);
				PRODUCT_BUNDLE_IDENTIFIER = martinsitorus.ImageMachineTests;
				PRODUCT_NAME = "$(TARGET_NAME)";
				SWIFT_VERSION = 4.2;
				TARGETED_DEVICE_FAMILY = "1,2";
				TEST_HOST = "$(BUILT_PRODUCTS_DIR)/ImageMachine.app/ImageMachine";
			};
			name = Release;
		};
		5BDA36E4222FEC1800657B06 /* Debug */ = {
			isa = XCBuildConfiguration;
			baseConfigurationReference = B429A4E347571F2200663D33 /* Pods-ImageMachineUITests.debug.xcconfig */;
			buildSettings = {
				ALWAYS_EMBED_SWIFT_STANDARD_LIBRARIES = YES;
				CODE_SIGN_STYLE = Automatic;
				DEVELOPMENT_TEAM = 5GH349ZYP4;
				INFOPLIST_FILE = ImageMachineUITests/Info.plist;
				LD_RUNPATH_SEARCH_PATHS = (
					"$(inherited)",
					"@executable_path/Frameworks",
					"@loader_path/Frameworks",
				);
				PRODUCT_BUNDLE_IDENTIFIER = martinsitorus.ImageMachineUITests;
				PRODUCT_NAME = "$(TARGET_NAME)";
				SWIFT_VERSION = 4.2;
				TARGETED_DEVICE_FAMILY = "1,2";
				TEST_TARGET_NAME = ImageMachine;
			};
			name = Debug;
		};
		5BDA36E5222FEC1800657B06 /* Release */ = {
			isa = XCBuildConfiguration;
			baseConfigurationReference = 0DE21A00122D0BEA0AA0395F /* Pods-ImageMachineUITests.release.xcconfig */;
			buildSettings = {
				ALWAYS_EMBED_SWIFT_STANDARD_LIBRARIES = YES;
				CODE_SIGN_STYLE = Automatic;
				DEVELOPMENT_TEAM = 5GH349ZYP4;
				INFOPLIST_FILE = ImageMachineUITests/Info.plist;
				LD_RUNPATH_SEARCH_PATHS = (
					"$(inherited)",
					"@executable_path/Frameworks",
					"@loader_path/Frameworks",
				);
				PRODUCT_BUNDLE_IDENTIFIER = martinsitorus.ImageMachineUITests;
				PRODUCT_NAME = "$(TARGET_NAME)";
				SWIFT_VERSION = 4.2;
				TARGETED_DEVICE_FAMILY = "1,2";
				TEST_TARGET_NAME = ImageMachine;
			};
			name = Release;
		};
/* End XCBuildConfiguration section */

/* Begin XCConfigurationList section */
		5BDA36AD222FEBFA00657B06 /* Build configuration list for PBXProject "ImageMachine" */ = {
			isa = XCConfigurationList;
			buildConfigurations = (
				5BDA36DB222FEC1800657B06 /* Debug */,
				5BDA36DC222FEC1800657B06 /* Release */,
			);
			defaultConfigurationIsVisible = 0;
			defaultConfigurationName = Release;
		};
		5BDA36DD222FEC1800657B06 /* Build configuration list for PBXNativeTarget "ImageMachine" */ = {
			isa = XCConfigurationList;
			buildConfigurations = (
				5BDA36DE222FEC1800657B06 /* Debug */,
				5BDA36DF222FEC1800657B06 /* Release */,
			);
			defaultConfigurationIsVisible = 0;
			defaultConfigurationName = Release;
		};
		5BDA36E0222FEC1800657B06 /* Build configuration list for PBXNativeTarget "ImageMachineTests" */ = {
			isa = XCConfigurationList;
			buildConfigurations = (
				5BDA36E1222FEC1800657B06 /* Debug */,
				5BDA36E2222FEC1800657B06 /* Release */,
			);
			defaultConfigurationIsVisible = 0;
			defaultConfigurationName = Release;
		};
		5BDA36E3222FEC1800657B06 /* Build configuration list for PBXNativeTarget "ImageMachineUITests" */ = {
			isa = XCConfigurationList;
			buildConfigurations = (
				5BDA36E4222FEC1800657B06 /* Debug */,
				5BDA36E5222FEC1800657B06 /* Release */,
			);
			defaultConfigurationIsVisible = 0;
			defaultConfigurationName = Release;
		};
/* End XCConfigurationList section */

/* Begin XCVersionGroup section */
		5BDA36BC222FEBFB00657B06 /* ImageMachine.xcdatamodeld */ = {
			isa = XCVersionGroup;
			children = (
				5BDA36BD222FEBFB00657B06 /* ImageMachine.xcdatamodel */,
			);
			currentVersion = 5BDA36BD222FEBFB00657B06 /* ImageMachine.xcdatamodel */;
			path = ImageMachine.xcdatamodeld;
			sourceTree = "<group>";
			versionGroupType = wrapper.xcdatamodel;
		};
/* End XCVersionGroup section */
	};
	rootObject = 5BDA36AA222FEBFA00657B06 /* Project object */;
}
